
Microsoft Visual Studio Solution File, Format Version 12.00
# Visual Studio Version 17
VisualStudioVersion = 17.4.33110.190
MinimumVisualStudioVersion = 10.0.40219.1
Project("{FAE04EC0-301F-11D3-BF4B-00C04F79EFBC}") = "DI+REpository+UnitOfWork", "DI+REpository+UnitOfWork\DI+REpository+UnitOfWork.csproj", "{A0288BE3-F452-4EE3-AA29-051E8E0FDC86}"
EndProject
Global
	GlobalSection(SolutionConfigurationPlatforms) = preSolution
		Debug|Any CPU = Debug|Any CPU
		Release|Any CPU = Release|Any CPU
	EndGlobalSection
	GlobalSection(ProjectConfigurationPlatforms) = postSolution
		{A0288BE3-F452-4EE3-AA29-051E8E0FDC86}.Debug|Any CPU.ActiveCfg = Debug|Any CPU
		{A0288BE3-F452-4EE3-AA29-051E8E0FDC86}.Debug|Any CPU.Build.0 = Debug|Any CPU
		{A0288BE3-F452-4EE3-AA29-051E8E0FDC86}.Release|Any CPU.ActiveCfg = Release|Any CPU
		{A0288BE3-F452-4EE3-AA29-051E8E0FDC86}.Release|Any CPU.Build.0 = Release|Any CPU
	EndGlobalSection
	GlobalSection(SolutionProperties) = preSolution
		HideSolutionNode = FALSE
	EndGlobalSection
	GlobalSection(ExtensibilityGlobals) = postSolution
		SolutionGuid = {41071770-861B-4E79-9BCD-1EE5A0F1EBDD}
	EndGlobalSection
EndGlobal
